
Microsoft Visual Studio Solution File, Format Version 12.00
# Visual Studio Version 16
VisualStudioVersion = 16.0.30523.141
MinimumVisualStudioVersion = 10.0.40219.1
Project("{FAE04EC0-301F-11D3-BF4B-00C04F79EFBC}") = "Loops", "Loops.csproj", "{DB077F3C-6264-4A75-B36D-F9C4F9514024}"
EndProject
Global
	GlobalSection(SolutionConfigurationPlatforms) = preSolution
		Debug|Any CPU = Debug|Any CPU
		Release|Any CPU = Release|Any CPU
	EndGlobalSection
	GlobalSection(ProjectConfigurationPlatforms) = postSolution
		{DB077F3C-6264-4A75-B36D-F9C4F9514024}.Debug|Any CPU.ActiveCfg = Debug|Any CPU
		{DB077F3C-6264-4A75-B36D-F9C4F9514024}.Debug|Any CPU.Build.0 = Debug|Any CPU
		{DB077F3C-6264-4A75-B36D-F9C4F9514024}.Release|Any CPU.ActiveCfg = Release|Any CPU
		{DB077F3C-6264-4A75-B36D-F9C4F9514024}.Release|Any CPU.Build.0 = Release|Any CPU
	EndGlobalSection
	GlobalSection(SolutionProperties) = preSolution
		HideSolutionNode = FALSE
	EndGlobalSection
	GlobalSection(ExtensibilityGlobals) = postSolution
		SolutionGuid = {7A4B906F-8B89-4EFB-B39F-FDD340451334}
	EndGlobalSection
EndGlobal
