
Microsoft Visual Studio Solution File, Format Version 12.00
# Visual Studio Version 16
VisualStudioVersion = 16.0.30611.23
MinimumVisualStudioVersion = 10.0.40219.1
Project("{FAE04EC0-301F-11D3-BF4B-00C04F79EFBC}") = "Arrays", "Arrays.csproj", "{EEEC3931-6BDA-489B-8DA0-52FFD4F1D2ED}"
EndProject
Global
	GlobalSection(SolutionConfigurationPlatforms) = preSolution
		Debug|Any CPU = Debug|Any CPU
		Release|Any CPU = Release|Any CPU
	EndGlobalSection
	GlobalSection(ProjectConfigurationPlatforms) = postSolution
		{EEEC3931-6BDA-489B-8DA0-52FFD4F1D2ED}.Debug|Any CPU.ActiveCfg = Debug|Any CPU
		{EEEC3931-6BDA-489B-8DA0-52FFD4F1D2ED}.Debug|Any CPU.Build.0 = Debug|Any CPU
		{EEEC3931-6BDA-489B-8DA0-52FFD4F1D2ED}.Release|Any CPU.ActiveCfg = Release|Any CPU
		{EEEC3931-6BDA-489B-8DA0-52FFD4F1D2ED}.Release|Any CPU.Build.0 = Release|Any CPU
	EndGlobalSection
	GlobalSection(SolutionProperties) = preSolution
		HideSolutionNode = FALSE
	EndGlobalSection
	GlobalSection(ExtensibilityGlobals) = postSolution
		SolutionGuid = {F766EF2F-5FA3-424E-AFB1-7C6C97733E7C}
	EndGlobalSection
EndGlobal
