
Microsoft Visual Studio Solution File, Format Version 12.00
# Visual Studio Version 16
VisualStudioVersion = 16.0.29509.3
MinimumVisualStudioVersion = 10.0.40219.1
Project("{FAE04EC0-301F-11D3-BF4B-00C04F79EFBC}") = "ExceptionHandling", "ExceptionHandling.csproj", "{99B4F9FE-CDBD-4810-B124-B0C7FF22704D}"
EndProject
Global
	GlobalSection(SolutionConfigurationPlatforms) = preSolution
		Debug|Any CPU = Debug|Any CPU
		Release|Any CPU = Release|Any CPU
	EndGlobalSection
	GlobalSection(ProjectConfigurationPlatforms) = postSolution
		{99B4F9FE-CDBD-4810-B124-B0C7FF22704D}.Debug|Any CPU.ActiveCfg = Debug|Any CPU
		{99B4F9FE-CDBD-4810-B124-B0C7FF22704D}.Debug|Any CPU.Build.0 = Debug|Any CPU
		{99B4F9FE-CDBD-4810-B124-B0C7FF22704D}.Release|Any CPU.ActiveCfg = Release|Any CPU
		{99B4F9FE-CDBD-4810-B124-B0C7FF22704D}.Release|Any CPU.Build.0 = Release|Any CPU
	EndGlobalSection
	GlobalSection(SolutionProperties) = preSolution
		HideSolutionNode = FALSE
	EndGlobalSection
	GlobalSection(ExtensibilityGlobals) = postSolution
		SolutionGuid = {6853F65E-13C7-4F66-830E-662DA3B49471}
	EndGlobalSection
EndGlobal
