
Microsoft Visual Studio Solution File, Format Version 12.00
# Visual Studio Version 16
VisualStudioVersion = 16.0.30517.126
MinimumVisualStudioVersion = 10.0.40219.1
Project("{FAE04EC0-301F-11D3-BF4B-00C04F79EFBC}") = "ConditionalStatements", "ConditionalStatements.csproj", "{3116D456-19A2-448A-8AD4-5790AA284076}"
EndProject
Global
	GlobalSection(SolutionConfigurationPlatforms) = preSolution
		Debug|Any CPU = Debug|Any CPU
		Release|Any CPU = Release|Any CPU
	EndGlobalSection
	GlobalSection(ProjectConfigurationPlatforms) = postSolution
		{3116D456-19A2-448A-8AD4-5790AA284076}.Debug|Any CPU.ActiveCfg = Debug|Any CPU
		{3116D456-19A2-448A-8AD4-5790AA284076}.Debug|Any CPU.Build.0 = Debug|Any CPU
		{3116D456-19A2-448A-8AD4-5790AA284076}.Release|Any CPU.ActiveCfg = Release|Any CPU
		{3116D456-19A2-448A-8AD4-5790AA284076}.Release|Any CPU.Build.0 = Release|Any CPU
	EndGlobalSection
	GlobalSection(SolutionProperties) = preSolution
		HideSolutionNode = FALSE
	EndGlobalSection
	GlobalSection(ExtensibilityGlobals) = postSolution
		SolutionGuid = {88D48BB4-B986-455D-BEC2-9A085481A065}
	EndGlobalSection
EndGlobal
